lockfileVersion: '9.0'

settings:
  autoInstallPeers: true
  excludeLinksFromLockfile: false

importers:

  .:
    dependencies:
      axios:
        specifier: ^1.12.2
        version: 1.12.2
      chalk:
        specifier: ^5.6.2
        version: 5.6.2
      dotenv:
        specifier: ^17.2.2
        version: 17.2.2
      fs-extra:
        specifier: ^11.3.2
        version: 11.3.2
      jsdom:
        specifier: ^27.0.0
        version: 27.0.0(postcss@8.5.6)
      masto:
        specifier: ^7.2.0
        version: 7.2.0
    devDependencies:
      prettier:
        specifier: 3.6.2
        version: 3.6.2

packages:

  '@asamuzakjp/css-color@4.0.5':
    resolution: {integrity: sha512-lMrXidNhPGsDjytDy11Vwlb6OIGrT3CmLg3VWNFyWkLWtijKl7xjvForlh8vuj0SHGjgl4qZEQzUmYTeQA2JFQ==}

  '@asamuzakjp/dom-selector@6.5.6':
    resolution: {integrity: sha512-Mj3Hu9ymlsERd7WOsUKNUZnJYL4IZ/I9wVVYgtvOsWYiEFbkQ4G7VRIh2USxTVW4BBDIsLG+gBUgqOqf2Kvqow==}

  '@asamuzakjp/nwsapi@2.3.9':
    resolution: {integrity: sha512-n8GuYSrI9bF7FFZ/SjhwevlHc8xaVlb/7HmHelnc/PZXBD2ZR49NnN9sMMuDdEGPeeRQ5d0hqlSlEpgCX3Wl0Q==}

  '@csstools/color-helpers@5.1.0':
    resolution: {integrity: sha512-S11EXWJyy0Mz5SYvRmY8nJYTFFd1LCNV+7cXyAgQtOOuzb4EsgfqDufL+9esx72/eLhsRdGZwaldu/h+E4t4BA==}
    engines: {node: '>=18'}

  '@csstools/css-calc@2.1.4':
    resolution: {integrity: sha512-3N8oaj+0juUw/1H3YwmDDJXCgTB1gKU6Hc/bB502u9zR0q2vd786XJH9QfrKIEgFlZmhZiq6epXl4rHqhzsIgQ==}
    engines: {node: '>=18'}
    peerDependencies:
      '@csstools/css-parser-algorithms': ^3.0.5
      '@csstools/css-tokenizer': ^3.0.4

  '@csstools/css-color-parser@3.1.0':
    resolution: {integrity: sha512-nbtKwh3a6xNVIp/VRuXV64yTKnb1IjTAEEh3irzS+HkKjAOYLTGNb9pmVNntZ8iVBHcWDA2Dof0QtPgFI1BaTA==}
    engines: {node: '>=18'}
    peerDependencies:
      '@csstools/css-parser-algorithms': ^3.0.5
      '@csstools/css-tokenizer': ^3.0.4

  '@csstools/css-parser-algorithms@3.0.5':
    resolution: {integrity: sha512-DaDeUkXZKjdGhgYaHNJTV9pV7Y9B3b644jCLs9Upc3VeNGg6LWARAT6O+Q+/COo+2gg/bM5rhpMAtf70WqfBdQ==}
    engines: {node: '>=18'}
    peerDependencies:
      '@csstools/css-tokenizer': ^3.0.4

  '@csstools/css-syntax-patches-for-csstree@1.0.14':
    resolution: {integrity: sha512-zSlIxa20WvMojjpCSy8WrNpcZ61RqfTfX3XTaOeVlGJrt/8HF3YbzgFZa01yTbT4GWQLwfTcC3EB8i3XnB647Q==}
    engines: {node: '>=18'}
    peerDependencies:
      postcss: ^8.4

  '@csstools/css-tokenizer@3.0.4':
    resolution: {integrity: sha512-Vd/9EVDiu6PPJt9yAh6roZP6El1xHrdvIVGjyBsHR0RYwNHgL7FJPyIIW4fANJNG6FtyZfvlRPpFI4ZM/lubvw==}
    engines: {node: '>=18'}

  agent-base@7.1.4:
    resolution: {integrity: sha512-MnA+YT8fwfJPgBx3m60MNqakm30XOkyIoH1y6huTQvC0PwZG7ki8NacLBcrPbNoo8vEZy7Jpuk7+jMO+CUovTQ==}
    engines: {node: '>= 14'}

  asynckit@0.4.0:
    resolution: {integrity: sha512-Oei9OH4tRh0YqU3GxhX79dM/mwVgvbZJaSNaRk+bshkj0S5cfHcgYakreBjrHwatXKbz+IoIdYLxrKim2MjW0Q==}

  axios@1.12.2:
    resolution: {integrity: sha512-vMJzPewAlRyOgxV2dU0Cuz2O8zzzx9VYtbJOaBgXFeLc4IV/Eg50n4LowmehOOR61S8ZMpc2K5Sa7g6A4jfkUw==}

  bidi-js@1.0.3:
    resolution: {integrity: sha512-RKshQI1R3YQ+n9YJz2QQ147P66ELpa1FQEg20Dk8oW9t2KgLbpDLLp9aGZ7y8WHSshDknG0bknqGw5/tyCs5tw==}

  call-bind-apply-helpers@1.0.2:
    resolution: {integrity: sha512-Sp1ablJ0ivDkSzjcaJdxEunN5/XvksFJ2sMBFfq6x0ryhQV/2b/KwFe21cMpmHtPOSij8K99/wSfoEuTObmuMQ==}
    engines: {node: '>= 0.4'}

  camel-case@4.1.2:
    resolution: {integrity: sha512-gxGWBrTT1JuMx6R+o5PTXMmUnhnVzLQ9SNutD4YqKtI6ap897t3tKECYla6gCWEkplXnlNybEkZg9GEGxKFCgw==}

  capital-case@1.0.4:
    resolution: {integrity: sha512-ds37W8CytHgwnhGGTi88pcPyR15qoNkOpYwmMMfnWqqWgESapLqvDx6huFjQ5vqWSn2Z06173XNA7LtMOeUh1A==}

  chalk@5.6.2:
    resolution: {integrity: sha512-7NzBL0rN6fMUW+f7A6Io4h40qQlG+xGmtMxfbnH/K7TAtt8JQWVQK+6g0UXKMeVJoyV5EkkNsErQ8pVD3bLHbA==}
    engines: {node: ^12.17.0 || ^14.13 || >=16.0.0}

  change-case@4.1.2:
    resolution: {integrity: sha512-bSxY2ws9OtviILG1EiY5K7NNxkqg/JnRnFxLtKQ96JaviiIxi7djMrSd0ECT9AC+lttClmYwKw53BWpOMblo7A==}

  combined-stream@1.0.8:
    resolution: {integrity: sha512-FQN4MRfuJeHf7cBbBMJFXhKSDq+2kAArBlmRBvcvFE5BB1HZKXtSFASDhdlz9zOYwxh8lDdnvmMOe/+5cdoEdg==}
    engines: {node: '>= 0.8'}

  constant-case@3.0.4:
    resolution: {integrity: sha512-I2hSBi7Vvs7BEuJDr5dDHfzb/Ruj3FyvFyh7KLilAjNQw3Be+xgqUBA2W6scVEcL0hL1dwPRtIqEPVUCKkSsyQ==}

  css-tree@3.1.0:
    resolution: {integrity: sha512-0eW44TGN5SQXU1mWSkKwFstI/22X2bG1nYzZTYMAWjylYURhse752YgbE4Cx46AC+bAvI+/dYTPRk1LqSUnu6w==}
    engines: {node: ^10 || ^12.20.0 || ^14.13.0 || >=15.0.0}

  cssstyle@5.3.1:
    resolution: {integrity: sha512-g5PC9Aiph9eiczFpcgUhd9S4UUO3F+LHGRIi5NUMZ+4xtoIYbHNZwZnWA2JsFGe8OU8nl4WyaEFiZuGuxlutJQ==}
    engines: {node: '>=20'}

  data-urls@6.0.0:
    resolution: {integrity: sha512-BnBS08aLUM+DKamupXs3w2tJJoqU+AkaE/+6vQxi/G/DPmIZFJJp9Dkb1kM03AZx8ADehDUZgsNxju3mPXZYIA==}
    engines: {node: '>=20'}

  debug@4.4.3:
    resolution: {integrity: sha512-RGwwWnwQvkVfavKVt22FGLw+xYSdzARwm0ru6DhTVA3umU5hZc28V3kO4stgYryrTlLpuvgI9GiijltAjNbcqA==}
    engines: {node: '>=6.0'}
    peerDependencies:
      supports-color: '*'
    peerDependenciesMeta:
      supports-color:
        optional: true

  decimal.js@10.6.0:
    resolution: {integrity: sha512-YpgQiITW3JXGntzdUmyUR1V812Hn8T1YVXhCu+wO3OpS4eU9l4YdD3qjyiKdV6mvV29zapkMeD390UVEf2lkUg==}

  delayed-stream@1.0.0:
    resolution: {integrity: sha512-ZySD7Nf91aLB0RxL4KGrKHBXl7Eds1DAmEdcoVawXnLD7SDhpNgtuII2aAkg7a7QS41jxPSZ17p4VdGnMHk3MQ==}
    engines: {node: '>=0.4.0'}

  dot-case@3.0.4:
    resolution: {integrity: sha512-Kv5nKlh6yRrdrGvxeJ2e5y2eRUpkUosIW4A2AS38zwSz27zu7ufDwQPi5Jhs3XAlGNetl3bmnGhQsMtkKJnj3w==}

  dotenv@17.2.2:
    resolution: {integrity: sha512-Sf2LSQP+bOlhKWWyhFsn0UsfdK/kCWRv1iuA2gXAwt3dyNabr6QSj00I2V10pidqz69soatm9ZwZvpQMTIOd5Q==}
    engines: {node: '>=12'}

  dunder-proto@1.0.1:
    resolution: {integrity: sha512-KIN/nDJBQRcXw0MLVhZE9iQHmG68qAVIBg9CqmUYjmQIhgij9U5MFvrqkUL5FbtyyzZuOeOt0zdeRe4UY7ct+A==}
    engines: {node: '>= 0.4'}

  entities@6.0.1:
    resolution: {integrity: sha512-aN97NXWF6AWBTahfVOIrB/NShkzi5H7F9r1s9mD3cDj4Ko5f2qhhVoYMibXF7GlLveb/D2ioWay8lxI97Ven3g==}
    engines: {node: '>=0.12'}

  es-define-property@1.0.1:
    resolution: {integrity: sha512-e3nRfgfUZ4rNGL232gUgX06QNyyez04KdjFrF+LTRoOXmrOgFKDg4BCdsjW8EnT69eqdYGmRpJwiPVYNrCaW3g==}
    engines: {node: '>= 0.4'}

  es-errors@1.3.0:
    resolution: {integrity: sha512-Zf5H2Kxt2xjTvbJvP2ZWLEICxA6j+hAmMzIlypy4xcBg1vKVnx89Wy0GbS+kf5cwCVFFzdCFh2XSCFNULS6csw==}
    engines: {node: '>= 0.4'}

  es-object-atoms@1.1.1:
    resolution: {integrity: sha512-FGgH2h8zKNim9ljj7dankFPcICIK9Cp5bm+c2gQSYePhpaG5+esrLODihIorn+Pe6FGJzWhXQotPv73jTaldXA==}
    engines: {node: '>= 0.4'}

  es-set-tostringtag@2.1.0:
    resolution: {integrity: sha512-j6vWzfrGVfyXxge+O0x5sh6cvxAog0a/4Rdd2K36zCMV5eJ+/+tOAngRO8cODMNWbVRdVlmGZQL2YS3yR8bIUA==}
    engines: {node: '>= 0.4'}

  events-to-async@2.0.2:
    resolution: {integrity: sha512-WzI6m/SU+F38t2tejHh6IQuQkNZ0dMOmSEmODJb9czaeMYtQ5FVZ+b6DOHr3hC6hNKNnn9CwDUN8mJiAkWSI9Q==}

  follow-redirects@1.15.11:
    resolution: {integrity: sha512-deG2P0JfjrTxl50XGCDyfI97ZGVCxIpfKYmfyrQ54n5FO/0gfIES8C/Psl6kWVDolizcaaxZJnTS0QSMxvnsBQ==}
    engines: {node: '>=4.0'}
    peerDependencies:
      debug: '*'
    peerDependenciesMeta:
      debug:
        optional: true

  form-data@4.0.4:
    resolution: {integrity: sha512-KrGhL9Q4zjj0kiUt5OO4Mr/A/jlI2jDYs5eHBpYHPcBEVSiipAvn2Ko2HnPe20rmcuuvMHNdZFp+4IlGTMF0Ow==}
    engines: {node: '>= 6'}

  fs-extra@11.3.2:
    resolution: {integrity: sha512-Xr9F6z6up6Ws+NjzMCZc6WXg2YFRlrLP9NQDO3VQrWrfiojdhS56TzueT88ze0uBdCTwEIhQ3ptnmKeWGFAe0A==}
    engines: {node: '>=14.14'}

  function-bind@1.1.2:
    resolution: {integrity: sha512-7XHNxH7qX9xG5mIwxkhumTox/MIRNcOgDrxWsMt2pAr23WHp6MrRlN7FBSFpCpr+oVO0F744iUgR82nJMfG2SA==}

  get-intrinsic@1.3.0:
    resolution: {integrity: sha512-9fSjSaos/fRIVIp+xSJlE6lfwhES7LNtKaCBIamHsjr2na1BiABJPo0mOjjz8GJDURarmCPGqaiVg5mfjb98CQ==}
    engines: {node: '>= 0.4'}

  get-proto@1.0.1:
    resolution: {integrity: sha512-sTSfBjoXBp89JvIKIefqw7U2CCebsc74kiY6awiGogKtoSGbgjYE/G/+l9sF3MWFPNc9IcoOC4ODfKHfxFmp0g==}
    engines: {node: '>= 0.4'}

  gopd@1.2.0:
    resolution: {integrity: sha512-ZUKRh6/kUFoAiTAtTYPZJ3hw9wNxx+BIBOijnlG9PnrJsCcSjs1wyyD6vJpaYtgnzDrKYRSqf3OO6Rfa93xsRg==}
    engines: {node: '>= 0.4'}

  graceful-fs@4.2.11:
    resolution: {integrity: sha512-RbJ5/jmFcNNCcDV5o9eTnBLJ/HszWV0P73bc+Ff4nS/rJj+YaS6IGyiOL0VoBYX+l1Wrl3k63h/KrH+nhJ0XvQ==}

  has-symbols@1.1.0:
    resolution: {integrity: sha512-1cDNdwJ2Jaohmb3sg4OmKaMBwuC48sYni5HUw2DvsC8LjGTLK9h+eb1X6RyuOHe4hT0ULCW68iomhjUoKUqlPQ==}
    engines: {node: '>= 0.4'}

  has-tostringtag@1.0.2:
    resolution: {integrity: sha512-NqADB8VjPFLM2V0VvHUewwwsw0ZWBaIdgo+ieHtK3hasLz4qeCRjYcqfB6AQrBggRKppKF8L52/VqdVsO47Dlw==}
    engines: {node: '>= 0.4'}

  hasown@2.0.2:
    resolution: {integrity: sha512-0hJU9SCPvmMzIBdZFqNPXWa6dqh7WdH0cII9y+CyS8rG3nL48Bclra9HmKhVVUHyPWNH5Y7xDwAB7bfgSjkUMQ==}
    engines: {node: '>= 0.4'}

  header-case@2.0.4:
    resolution: {integrity: sha512-H/vuk5TEEVZwrR0lp2zed9OCo1uAILMlx0JEMgC26rzyJJ3N1v6XkwHHXJQdR2doSjcGPM6OKPYoJgf0plJ11Q==}

  html-encoding-sniffer@4.0.0:
    resolution: {integrity: sha512-Y22oTqIU4uuPgEemfz7NDJz6OeKf12Lsu+QC+s3BVpda64lTiMYCyGwg5ki4vFxkMwQdeZDl2adZoqUgdFuTgQ==}
    engines: {node: '>=18'}

  http-proxy-agent@7.0.2:
    resolution: {integrity: sha512-T1gkAiYYDWYx3V5Bmyu7HcfcvL7mUrTWiM6yOfa3PIphViJ/gFPbvidQ+veqSOHci/PxBcDabeUNCzpOODJZig==}
    engines: {node: '>= 14'}

  https-proxy-agent@7.0.6:
    resolution: {integrity: sha512-vK9P5/iUfdl95AI+JVyUuIcVtd4ofvtrOr3HNtM2yxC9bnMbEdp3x01OhQNnjb8IJYi38VlTE3mBXwcfvywuSw==}
    engines: {node: '>= 14'}

  iconv-lite@0.6.3:
    resolution: {integrity: sha512-4fCk79wshMdzMp2rH06qWrJE4iolqLhCUH+OiuIgU++RB0+94NlDL81atO7GX55uUKueo0txHNtvEyI6D7WdMw==}
    engines: {node: '>=0.10.0'}

  is-potential-custom-element-name@1.0.1:
    resolution: {integrity: sha512-bCYeRA2rVibKZd+s2625gGnGF/t7DSqDs4dP7CrLA1m7jKWz6pps0LpYLJN8Q64HtmPKJ1hrN3nzPNKFEKOUiQ==}

  isomorphic-ws@5.0.0:
    resolution: {integrity: sha512-muId7Zzn9ywDsyXgTIafTry2sV3nySZeUDe6YedVd1Hvuuep5AsIlqK+XefWpYTyJG5e503F2xIuT2lcU6rCSw==}
    peerDependencies:
      ws: '*'

  jsdom@27.0.0:
    resolution: {integrity: sha512-lIHeR1qlIRrIN5VMccd8tI2Sgw6ieYXSVktcSHaNe3Z5nE/tcPQYQWOq00wxMvYOsz+73eAkNenVvmPC6bba9A==}
    engines: {node: '>=20'}
    peerDependencies:
      canvas: ^3.0.0
    peerDependenciesMeta:
      canvas:
        optional: true

  jsonfile@6.2.0:
    resolution: {integrity: sha512-FGuPw30AdOIUTRMC2OMRtQV+jkVj2cfPqSeWXv1NEAJ1qZ5zb1X6z1mFhbfOB/iy3ssJCD+3KuZ8r8C3uVFlAg==}

  lower-case@2.0.2:
    resolution: {integrity: sha512-7fm3l3NAF9WfN6W3JOmf5drwpVqX78JtoGJ3A6W0a6ZnldM41w2fV5D490psKFTpMds8TJse/eHLFFsNHHjHgg==}

  lru-cache@11.2.2:
    resolution: {integrity: sha512-F9ODfyqML2coTIsQpSkRHnLSZMtkU8Q+mSfcaIyKwy58u+8k5nvAYeiNhsyMARvzNcXJ9QfWVrcPsC9e9rAxtg==}
    engines: {node: 20 || >=22}

  masto@7.2.0:
    resolution: {integrity: sha512-fjaLIEj0rOn4fzrvOzA/YXgI8kwFX10Z5G8c7hIof6zmbS9aPg5sdrRp54F0gjQZWgBjjWKxVh155zxWnx4Udg==}

  math-intrinsics@1.1.0:
    resolution: {integrity: sha512-/IXtbwEk5HTPyEwyKX6hGkYXxM9nbj64B+ilVJnC/R6B0pH5G4V3b0pVbL7DBj4tkhBAppbQUlf6F6Xl9LHu1g==}
    engines: {node: '>= 0.4'}

  mdn-data@2.12.2:
    resolution: {integrity: sha512-IEn+pegP1aManZuckezWCO+XZQDplx1366JoVhTpMpBB1sPey/SbveZQUosKiKiGYjg1wH4pMlNgXbCiYgihQA==}

  mime-db@1.52.0:
    resolution: {integrity: sha512-sPU4uV7dYlvtWJxwwxHD0PuihVNiE7TyAbQ5SWxDCB9mUYvOgroQOwYQQOKPJ8CIbE+1ETVlOoK1UC2nU3gYvg==}
    engines: {node: '>= 0.6'}

  mime-types@2.1.35:
    resolution: {integrity: sha512-ZDY+bPm5zTTF+YpCrAU9nK0UgICYPT0QtT1NZWFv4s++TNkcgVaT0g6+4R2uI4MjQjzysHB1zxuWL50hzaeXiw==}
    engines: {node: '>= 0.6'}

  ms@2.1.3:
    resolution: {integrity: sha512-6FlzubTLZG3J2a/NVCAleEhjzq5oxgHyaCU9yYXvcLsvoVaHJq/s5xXI6/XXP6tz7R9xAOtHnSO/tXtF3WRTlA==}

  nanoid@3.3.11:
    resolution: {integrity: sha512-N8SpfPUnUp1bK+PMYW8qSWdl9U+wwNWI4QKxOYDy9JAro3WMX7p2OeVRF9v+347pnakNevPmiHhNmZ2HbFA76w==}
    engines: {node: ^10 || ^12 || ^13.7 || ^14 || >=15.0.1}
    hasBin: true

  no-case@3.0.4:
    resolution: {integrity: sha512-fgAN3jGAh+RoxUGZHTSOLJIqUc2wmoBwGR4tbpNAKmmovFoWq0OdRkb0VkldReO2a2iBT/OEulG9XSUc10r3zg==}

  param-case@3.0.4:
    resolution: {integrity: sha512-RXlj7zCYokReqWpOPH9oYivUzLYZ5vAPIfEmCTNViosC78F8F0H9y7T7gG2M39ymgutxF5gcFEsyZQSph9Bp3A==}

  parse5@7.3.0:
    resolution: {integrity: sha512-IInvU7fabl34qmi9gY8XOVxhYyMyuH2xUNpb2q8/Y+7552KlejkRvqvD19nMoUW/uQGGbqNpA6Tufu5FL5BZgw==}

  pascal-case@3.1.2:
    resolution: {integrity: sha512-uWlGT3YSnK9x3BQJaOdcZwrnV6hPpd8jFH1/ucpiLRPh/2zCVJKS19E4GvYHvaCcACn3foXZ0cLB9Wrx1KGe5g==}

  path-case@3.0.4:
    resolution: {integrity: sha512-qO4qCFjXqVTrcbPt/hQfhTQ+VhFsqNKOPtytgNKkKxSoEp3XPUQ8ObFuePylOIok5gjn69ry8XiULxCwot3Wfg==}

  picocolors@1.1.1:
    resolution: {integrity: sha512-xceH2snhtb5M9liqDsmEw56le376mTZkEX/jEb/RxNFyegNul7eNslCXP9FDj/Lcu0X8KEyMceP2ntpaHrDEVA==}

  postcss@8.5.6:
    resolution: {integrity: sha512-3Ybi1tAuwAP9s0r1UQ2J4n5Y0G05bJkpUIO0/bI9MhwmD70S5aTWbXGBwxHrelT+XM1k6dM0pk+SwNkpTRN7Pg==}
    engines: {node: ^10 || ^12 || >=14}

  prettier@3.6.2:
    resolution: {integrity: sha512-I7AIg5boAr5R0FFtJ6rCfD+LFsWHp81dolrFD8S79U9tb8Az2nGrJncnMSnys+bpQJfRUzqs9hnA81OAA3hCuQ==}
    engines: {node: '>=14'}
    hasBin: true

  proxy-from-env@1.1.0:
    resolution: {integrity: sha512-D+zkORCbA9f1tdWRK0RaCR3GPv50cMxcrz4X8k5LTSUD1Dkw47mKJEZQNunItRTkWwgtaUSo1RVFRIG9ZXiFYg==}

  punycode@2.3.1:
    resolution: {integrity: sha512-vYt7UD1U9Wg6138shLtLOvdAu+8DsC/ilFtEVHcH+wydcSpNE20AfSOduf6MkRFahL5FY7X1oU7nKVZFtfq8Fg==}
    engines: {node: '>=6'}

  require-from-string@2.0.2:
    resolution: {integrity: sha512-Xf0nWe6RseziFMu+Ap9biiUbmplq6S9/p+7w7YXP/JBHhrUDDUhwa+vANyubuqfZWTveU//DYVGsDG7RKL/vEw==}
    engines: {node: '>=0.10.0'}

  rrweb-cssom@0.8.0:
    resolution: {integrity: sha512-guoltQEx+9aMf2gDZ0s62EcV8lsXR+0w8915TC3ITdn2YueuNjdAYh/levpU9nFaoChh9RUS5ZdQMrKfVEN9tw==}

  safer-buffer@2.1.2:
    resolution: {integrity: sha512-YZo3K82SD7Riyi0E1EQPojLz7kpepnSQI9IyPbHHg1XXXevb5dJI7tpyN2ADxGcQbHG7vcyRHk0cbwqcQriUtg==}

  saxes@6.0.0:
    resolution: {integrity: sha512-xAg7SOnEhrm5zI3puOOKyy1OMcMlIJZYNJY7xLBwSze0UjhPLnWfj2GF2EpT0jmzaJKIWKHLsaSSajf35bcYnA==}
    engines: {node: '>=v12.22.7'}

  sentence-case@3.0.4:
    resolution: {integrity: sha512-8LS0JInaQMCRoQ7YUytAo/xUu5W2XnQxV2HI/6uM6U7CITS1RqPElr30V6uIqyMKM9lJGRVFy5/4CuzcixNYSg==}

  snake-case@3.0.4:
    resolution: {integrity: sha512-LAOh4z89bGQvl9pFfNF8V146i7o7/CqFPbqzYgP+yYzDIDeS9HaNFtXABamRW+AQzEVODcvE79ljJ+8a9YSdMg==}

  source-map-js@1.2.1:
    resolution: {integrity: sha512-UXWMKhLOwVKb728IUtQPXxfYU+usdybtUrK/8uGE8CQMvrhOpwvzDBwj0QhSL7MQc7vIsISBG8VQ8+IDQxpfQA==}
    engines: {node: '>=0.10.0'}

  symbol-tree@3.2.4:
    resolution: {integrity: sha512-9QNk5KwDF+Bvz+PyObkmSYjI5ksVUYtjW7AU22r2NKcfLJcXp96hkDWU3+XndOsUb+AQ9QhfzfCT2O+CNWT5Tw==}

  tldts-core@7.0.16:
    resolution: {integrity: sha512-XHhPmHxphLi+LGbH0G/O7dmUH9V65OY20R7vH8gETHsp5AZCjBk9l8sqmRKLaGOxnETU7XNSDUPtewAy/K6jbA==}

  tldts@7.0.16:
    resolution: {integrity: sha512-5bdPHSwbKTeHmXrgecID4Ljff8rQjv7g8zKQPkCozRo2HWWni+p310FSn5ImI+9kWw9kK4lzOB5q/a6iv0IJsw==}
    hasBin: true

  tough-cookie@6.0.0:
    resolution: {integrity: sha512-kXuRi1mtaKMrsLUxz3sQYvVl37B0Ns6MzfrtV5DvJceE9bPyspOqk9xxv7XbZWcfLWbFmm997vl83qUWVJA64w==}
    engines: {node: '>=16'}

  tr46@6.0.0:
    resolution: {integrity: sha512-bLVMLPtstlZ4iMQHpFHTR7GAGj2jxi8Dg0s2h2MafAE4uSWF98FC/3MomU51iQAMf8/qDUbKWf5GxuvvVcXEhw==}
    engines: {node: '>=20'}

  ts-custom-error@3.3.1:
    resolution: {integrity: sha512-5OX1tzOjxWEgsr/YEUWSuPrQ00deKLh6D7OTWcvNHm12/7QPyRh8SYpyWvA4IZv8H/+GQWQEh/kwo95Q9OVW1A==}
    engines: {node: '>=14.0.0'}

  tslib@2.8.1:
    resolution: {integrity: sha512-oJFu94HQb+KVduSUQL7wnpmqnfmLsOA/nAh6b6EH0wCEoK0/mPeXU6c3wKDV83MkOuHPRHtSXKKU99IBazS/2w==}

  universalify@2.0.1:
    resolution: {integrity: sha512-gptHNQghINnc/vTGIk0SOFGFNXw7JVrlRUtConJRlvaw6DuX0wO5Jeko9sWrMBhh+PsYAZ7oXAiOnf/UKogyiw==}
    engines: {node: '>= 10.0.0'}

  upper-case-first@2.0.2:
    resolution: {integrity: sha512-514ppYHBaKwfJRK/pNC6c/OxfGa0obSnAl106u97Ed0I625Nin96KAjttZF6ZL3e1XLtphxnqrOi9iWgm+u+bg==}

  upper-case@2.0.2:
    resolution: {integrity: sha512-KgdgDGJt2TpuwBUIjgG6lzw2GWFRCW9Qkfkiv0DxqHHLYJHmtmdUIKcZd8rHgFSjopVTlw6ggzCm1b8MFQwikg==}

  w3c-xmlserializer@5.0.0:
    resolution: {integrity: sha512-o8qghlI8NZHU1lLPrpi2+Uq7abh4GGPpYANlalzWxyWteJOCsr/P+oPBA49TOLu5FTZO4d3F9MnWJfiMo4BkmA==}
    engines: {node: '>=18'}

  webidl-conversions@8.0.0:
    resolution: {integrity: sha512-n4W4YFyz5JzOfQeA8oN7dUYpR+MBP3PIUsn2jLjWXwK5ASUzt0Jc/A5sAUZoCYFJRGF0FBKJ+1JjN43rNdsQzA==}
    engines: {node: '>=20'}

  whatwg-encoding@3.1.1:
    resolution: {integrity: sha512-6qN4hJdMwfYBtE3YBTTHhoeuUrDBPZmbQaxWAqSALV/MeEnR5z1xd8UKud2RAkFoPkmB+hli1TZSnyi84xz1vQ==}
    engines: {node: '>=18'}

  whatwg-mimetype@4.0.0:
    resolution: {integrity: sha512-QaKxh0eNIi2mE9p2vEdzfagOKHCcj1pJ56EEHGQOVxp8r9/iszLUUV7v89x9O1p/T+NlTM5W7jW6+cz4Fq1YVg==}
    engines: {node: '>=18'}

  whatwg-url@15.1.0:
    resolution: {integrity: sha512-2ytDk0kiEj/yu90JOAp44PVPUkO9+jVhyf+SybKlRHSDlvOOZhdPIrr7xTH64l4WixO2cP+wQIcgujkGBPPz6g==}
    engines: {node: '>=20'}

  ws@8.18.3:
    resolution: {integrity: sha512-PEIGCY5tSlUt50cqyMXfCzX+oOPqN0vuGqWzbcJ2xvnkzkq46oOpz7dQaTDBdfICb4N14+GARUDw2XV2N4tvzg==}
    engines: {node: '>=10.0.0'}
    peerDependencies:
      bufferutil: ^4.0.1
      utf-8-validate: '>=5.0.2'
    peerDependenciesMeta:
      bufferutil:
        optional: true
      utf-8-validate:
        optional: true

  xml-name-validator@5.0.0:
    resolution: {integrity: sha512-EvGK8EJ3DhaHfbRlETOWAS5pO9MZITeauHKJyb8wyajUfQUenkIg2MvLDTZ4T/TgIcm3HU0TFBgWWboAZ30UHg==}
    engines: {node: '>=18'}

  xmlchars@2.2.0:
    resolution: {integrity: sha512-JZnDKK8B0RCDw84FNdDAIpZK+JuJw+s7Lz8nksI7SIuU3UXJJslUthsi+uWBUYOwPFwW7W7PRLRfUKpxjtjFCw==}

snapshots:

  '@asamuzakjp/css-color@4.0.5':
    dependencies:
      '@csstools/css-calc': 2.1.4(@csstools/css-parser-algorithms@3.0.5(@csstools/css-tokenizer@3.0.4))(@csstools/css-tokenizer@3.0.4)
      '@csstools/css-color-parser': 3.1.0(@csstools/css-parser-algorithms@3.0.5(@csstools/css-tokenizer@3.0.4))(@csstools/css-tokenizer@3.0.4)
      '@csstools/css-parser-algorithms': 3.0.5(@csstools/css-tokenizer@3.0.4)
      '@csstools/css-tokenizer': 3.0.4
      lru-cache: 11.2.2

  '@asamuzakjp/dom-selector@6.5.6':
    dependencies:
      '@asamuzakjp/nwsapi': 2.3.9
      bidi-js: 1.0.3
      css-tree: 3.1.0
      is-potential-custom-element-name: 1.0.1
      lru-cache: 11.2.2

  '@asamuzakjp/nwsapi@2.3.9': {}

  '@csstools/color-helpers@5.1.0': {}

  '@csstools/css-calc@2.1.4(@csstools/css-parser-algorithms@3.0.5(@csstools/css-tokenizer@3.0.4))(@csstools/css-tokenizer@3.0.4)':
    dependencies:
      '@csstools/css-parser-algorithms': 3.0.5(@csstools/css-tokenizer@3.0.4)
      '@csstools/css-tokenizer': 3.0.4

  '@csstools/css-color-parser@3.1.0(@csstools/css-parser-algorithms@3.0.5(@csstools/css-tokenizer@3.0.4))(@csstools/css-tokenizer@3.0.4)':
    dependencies:
      '@csstools/color-helpers': 5.1.0
      '@csstools/css-calc': 2.1.4(@csstools/css-parser-algorithms@3.0.5(@csstools/css-tokenizer@3.0.4))(@csstools/css-tokenizer@3.0.4)
      '@csstools/css-parser-algorithms': 3.0.5(@csstools/css-tokenizer@3.0.4)
      '@csstools/css-tokenizer': 3.0.4

  '@csstools/css-parser-algorithms@3.0.5(@csstools/css-tokenizer@3.0.4)':
    dependencies:
      '@csstools/css-tokenizer': 3.0.4

  '@csstools/css-syntax-patches-for-csstree@1.0.14(postcss@8.5.6)':
    dependencies:
      postcss: 8.5.6

  '@csstools/css-tokenizer@3.0.4': {}

  agent-base@7.1.4: {}

  asynckit@0.4.0: {}

  axios@1.12.2:
    dependencies:
      follow-redirects: 1.15.11
      form-data: 4.0.4
      proxy-from-env: 1.1.0
    transitivePeerDependencies:
      - debug

  bidi-js@1.0.3:
    dependencies:
      require-from-string: 2.0.2

  call-bind-apply-helpers@1.0.2:
    dependencies:
      es-errors: 1.3.0
      function-bind: 1.1.2

  camel-case@4.1.2:
    dependencies:
      pascal-case: 3.1.2
      tslib: 2.8.1

  capital-case@1.0.4:
    dependencies:
      no-case: 3.0.4
      tslib: 2.8.1
      upper-case-first: 2.0.2

  chalk@5.6.2: {}

  change-case@4.1.2:
    dependencies:
      camel-case: 4.1.2
      capital-case: 1.0.4
      constant-case: 3.0.4
      dot-case: 3.0.4
      header-case: 2.0.4
      no-case: 3.0.4
      param-case: 3.0.4
      pascal-case: 3.1.2
      path-case: 3.0.4
      sentence-case: 3.0.4
      snake-case: 3.0.4
      tslib: 2.8.1

  combined-stream@1.0.8:
    dependencies:
      delayed-stream: 1.0.0

  constant-case@3.0.4:
    dependencies:
      no-case: 3.0.4
      tslib: 2.8.1
      upper-case: 2.0.2

  css-tree@3.1.0:
    dependencies:
      mdn-data: 2.12.2
      source-map-js: 1.2.1

  cssstyle@5.3.1(postcss@8.5.6):
    dependencies:
      '@asamuzakjp/css-color': 4.0.5
      '@csstools/css-syntax-patches-for-csstree': 1.0.14(postcss@8.5.6)
      css-tree: 3.1.0
    transitivePeerDependencies:
      - postcss

  data-urls@6.0.0:
    dependencies:
      whatwg-mimetype: 4.0.0
      whatwg-url: 15.1.0

  debug@4.4.3:
    dependencies:
      ms: 2.1.3

  decimal.js@10.6.0: {}

  delayed-stream@1.0.0: {}

  dot-case@3.0.4:
    dependencies:
      no-case: 3.0.4
      tslib: 2.8.1

  dotenv@17.2.2: {}

  dunder-proto@1.0.1:
    dependencies:
      call-bind-apply-helpers: 1.0.2
      es-errors: 1.3.0
      gopd: 1.2.0

  entities@6.0.1: {}

  es-define-property@1.0.1: {}

  es-errors@1.3.0: {}

  es-object-atoms@1.1.1:
    dependencies:
      es-errors: 1.3.0

  es-set-tostringtag@2.1.0:
    dependencies:
      es-errors: 1.3.0
      get-intrinsic: 1.3.0
      has-tostringtag: 1.0.2
      hasown: 2.0.2

  events-to-async@2.0.2: {}

  follow-redirects@1.15.11: {}

  form-data@4.0.4:
    dependencies:
      asynckit: 0.4.0
      combined-stream: 1.0.8
      es-set-tostringtag: 2.1.0
      hasown: 2.0.2
      mime-types: 2.1.35

  fs-extra@11.3.2:
    dependencies:
      graceful-fs: 4.2.11
      jsonfile: 6.2.0
      universalify: 2.0.1

  function-bind@1.1.2: {}

  get-intrinsic@1.3.0:
    dependencies:
      call-bind-apply-helpers: 1.0.2
      es-define-property: 1.0.1
      es-errors: 1.3.0
      es-object-atoms: 1.1.1
      function-bind: 1.1.2
      get-proto: 1.0.1
      gopd: 1.2.0
      has-symbols: 1.1.0
      hasown: 2.0.2
      math-intrinsics: 1.1.0

  get-proto@1.0.1:
    dependencies:
      dunder-proto: 1.0.1
      es-object-atoms: 1.1.1

  gopd@1.2.0: {}

  graceful-fs@4.2.11: {}

  has-symbols@1.1.0: {}

  has-tostringtag@1.0.2:
    dependencies:
      has-symbols: 1.1.0

  hasown@2.0.2:
    dependencies:
      function-bind: 1.1.2

  header-case@2.0.4:
    dependencies:
      capital-case: 1.0.4
      tslib: 2.8.1

  html-encoding-sniffer@4.0.0:
    dependencies:
      whatwg-encoding: 3.1.1

  http-proxy-agent@7.0.2:
    dependencies:
      agent-base: 7.1.4
      debug: 4.4.3
    transitivePeerDependencies:
      - supports-color

  https-proxy-agent@7.0.6:
    dependencies:
      agent-base: 7.1.4
      debug: 4.4.3
    transitivePeerDependencies:
      - supports-color

  iconv-lite@0.6.3:
    dependencies:
      safer-buffer: 2.1.2

  is-potential-custom-element-name@1.0.1: {}

  isomorphic-ws@5.0.0(ws@8.18.3):
    dependencies:
      ws: 8.18.3

  jsdom@27.0.0(postcss@8.5.6):
    dependencies:
      '@asamuzakjp/dom-selector': 6.5.6
      cssstyle: 5.3.1(postcss@8.5.6)
      data-urls: 6.0.0
      decimal.js: 10.6.0
      html-encoding-sniffer: 4.0.0
      http-proxy-agent: 7.0.2
      https-proxy-agent: 7.0.6
      is-potential-custom-element-name: 1.0.1
      parse5: 7.3.0
      rrweb-cssom: 0.8.0
      saxes: 6.0.0
      symbol-tree: 3.2.4
      tough-cookie: 6.0.0
      w3c-xmlserializer: 5.0.0
      webidl-conversions: 8.0.0
      whatwg-encoding: 3.1.1
      whatwg-mimetype: 4.0.0
      whatwg-url: 15.1.0
      ws: 8.18.3
      xml-name-validator: 5.0.0
    transitivePeerDependencies:
      - bufferutil
      - postcss
      - supports-color
      - utf-8-validate

  jsonfile@6.2.0:
    dependencies:
      universalify: 2.0.1
    optionalDependencies:
      graceful-fs: 4.2.11

  lower-case@2.0.2:
    dependencies:
      tslib: 2.8.1

  lru-cache@11.2.2: {}

  masto@7.2.0:
    dependencies:
      change-case: 4.1.2
      events-to-async: 2.0.2
      isomorphic-ws: 5.0.0(ws@8.18.3)
      ts-custom-error: 3.3.1
      ws: 8.18.3
    transitivePeerDependencies:
      - bufferutil
      - utf-8-validate

  math-intrinsics@1.1.0: {}

  mdn-data@2.12.2: {}

  mime-db@1.52.0: {}

  mime-types@2.1.35:
    dependencies:
      mime-db: 1.52.0

  ms@2.1.3: {}

  nanoid@3.3.11: {}

  no-case@3.0.4:
    dependencies:
      lower-case: 2.0.2
      tslib: 2.8.1

  param-case@3.0.4:
    dependencies:
      dot-case: 3.0.4
      tslib: 2.8.1

  parse5@7.3.0:
    dependencies:
      entities: 6.0.1

  pascal-case@3.1.2:
    dependencies:
      no-case: 3.0.4
      tslib: 2.8.1

  path-case@3.0.4:
    dependencies:
      dot-case: 3.0.4
      tslib: 2.8.1

  picocolors@1.1.1: {}

  postcss@8.5.6:
    dependencies:
      nanoid: 3.3.11
      picocolors: 1.1.1
      source-map-js: 1.2.1

  prettier@3.6.2: {}

  proxy-from-env@1.1.0: {}

  punycode@2.3.1: {}

  require-from-string@2.0.2: {}

  rrweb-cssom@0.8.0: {}

  safer-buffer@2.1.2: {}

  saxes@6.0.0:
    dependencies:
      xmlchars: 2.2.0

  sentence-case@3.0.4:
    dependencies:
      no-case: 3.0.4
      tslib: 2.8.1
      upper-case-first: 2.0.2

  snake-case@3.0.4:
    dependencies:
      dot-case: 3.0.4
      tslib: 2.8.1

  source-map-js@1.2.1: {}

  symbol-tree@3.2.4: {}

  tldts-core@7.0.16: {}

  tldts@7.0.16:
    dependencies:
      tldts-core: 7.0.16

  tough-cookie@6.0.0:
    dependencies:
      tldts: 7.0.16

  tr46@6.0.0:
    dependencies:
      punycode: 2.3.1

  ts-custom-error@3.3.1: {}

  tslib@2.8.1: {}

  universalify@2.0.1: {}

  upper-case-first@2.0.2:
    dependencies:
      tslib: 2.8.1

  upper-case@2.0.2:
    dependencies:
      tslib: 2.8.1

  w3c-xmlserializer@5.0.0:
    dependencies:
      xml-name-validator: 5.0.0

  webidl-conversions@8.0.0: {}

  whatwg-encoding@3.1.1:
    dependencies:
      iconv-lite: 0.6.3

  whatwg-mimetype@4.0.0: {}

  whatwg-url@15.1.0:
    dependencies:
      tr46: 6.0.0
      webidl-conversions: 8.0.0

  ws@8.18.3: {}

  xml-name-validator@5.0.0: {}

  xmlchars@2.2.0: {}
